// !$*UTF8*$!
{
	archiveVersion = 1;
	classes = {
	};
	objectVersion = 46;
	objects = {

/* Begin PBXBuildFile section */
		260860BF194C7B3600D018A7 /* AppDelegate.swift in Sources */ = {isa = PBXBuildFile; fileRef = 260860BE194C7B3600D018A7 /* AppDelegate.swift */; };
		260860C2194C7B3600D018A7 /* testing123.xcdatamodeld in Sources */ = {isa = PBXBuildFile; fileRef = 260860C0194C7B3600D018A7 /* testing123.xcdatamodeld */; };
		260860C4194C7B3600D018A7 /* ViewController.swift in Sources */ = {isa = PBXBuildFile; fileRef = 260860C3194C7B3600D018A7 /* ViewController.swift */; };
		260860C7194C7B3600D018A7 /* Main.storyboard in Resources */ = {isa = PBXBuildFile; fileRef = 260860C5194C7B3600D018A7 /* Main.storyboard */; };
		260860C9194C7B3600D018A7 /* Images.xcassets in Resources */ = {isa = PBXBuildFile; fileRef = 260860C8194C7B3600D018A7 /* Images.xcassets */; };
		260860D5194C7B3700D018A7 /* testing123Tests.swift in Sources */ = {isa = PBXBuildFile; fileRef = 260860D4194C7B3700D018A7 /* testing123Tests.swift */; };
/* End PBXBuildFile section */

/* Begin PBXContainerItemProxy section */
		260860CF194C7B3700D018A7 /* PBXContainerItemProxy */ = {
			isa = PBXContainerItemProxy;
			containerPortal = 260860B1194C7B3600D018A7 /* Project object */;
			proxyType = 1;
			remoteGlobalIDString = 260860B8194C7B3600D018A7;
			remoteInfo = testing123;
		};
/* End PBXContainerItemProxy section */

/* Begin PBXFileReference section */
		260860B9194C7B3600D018A7 /* testing123.app */ = {isa = PBXFileReference; explicitFileType = wrapper.application; includeInIndex = 0; path = testing123.app; sourceTree = BUILT_PRODUCTS_DIR; };
		260860BD194C7B3600D018A7 /* Info.plist */ = {isa = PBXFileReference; lastKnownFileType = text.plist.xml; path = Info.plist; sourceTree = "<group>"; };
		260860BE194C7B3600D018A7 /* AppDelegate.swift */ = {isa = PBXFileReference; lastKnownFileType = sourcecode.swift; path = AppDelegate.swift; sourceTree = "<group>"; };
		260860C1194C7B3600D018A7 /* testing123.xcdatamodel */ = {isa = PBXFileReference; lastKnownFileType = wrapper.xcdatamodel; path = testing123.xcdatamodel; sourceTree = "<group>"; };
		260860C3194C7B3600D018A7 /* ViewController.swift */ = {isa = PBXFileReference; lastKnownFileType = sourcecode.swift; path = ViewController.swift; sourceTree = "<group>"; };
		260860C6194C7B3600D018A7 /* Base */ = {isa = PBXFileReference; lastKnownFileType = file.storyboard; name = Base; path = Base.lproj/Main.storyboard; sourceTree = "<group>"; };
		260860C8194C7B3600D018A7 /* Images.xcassets */ = {isa = PBXFileReference; lastKnownFileType = folder.assetcatalog; path = Images.xcassets; sourceTree = "<group>"; };
		260860CE194C7B3700D018A7 /* testing123Tests.xctest */ = {isa = PBXFileReference; explicitFileType = wrapper.cfbundle; includeInIndex = 0; path = testing123Tests.xctest; sourceTree = BUILT_PRODUCTS_DIR; };
		260860D3194C7B3700D018A7 /* Info.plist */ = {isa = PBXFileReference; lastKnownFileType = text.plist.xml; path = Info.plist; sourceTree = "<group>"; };
		260860D4194C7B3700D018A7 /* testing123Tests.swift */ = {isa = PBXFileReference; lastKnownFileType = sourcecode.swift; path = testing123Tests.swift; sourceTree = "<group>"; };
/* End PBXFileReference section */

/* Begin PBXFrameworksBuildPhase section */
		260860B6194C7B3600D018A7 /* Frameworks */ = {
			isa = PBXFrameworksBuildPhase;
			buildActionMask = 2147483647;
			files = (
			);
			runOnlyForDeploymentPostprocessing = 0;
		};
		260860CB194C7B3700D018A7 /* Frameworks */ = {
			isa = PBXFrameworksBuildPhase;
			buildActionMask = 2147483647;
			files = (
			);
			runOnlyForDeploymentPostprocessing = 0;
		};
/* End PBXFrameworksBuildPhase section */

/* Begin PBXGroup section */
		260860B0194C7B3600D018A7 = {
			isa = PBXGroup;
			children = (
				260860BB194C7B3600D018A7 /* testing123 */,
				260860D1194C7B3700D018A7 /* testing123Tests */,
				260860BA194C7B3600D018A7 /* Products */,
			);
			sourceTree = "<group>";
		};
		260860BA194C7B3600D018A7 /* Products */ = {
			isa = PBXGroup;
			children = (
				260860B9194C7B3600D018A7 /* testing123.app */,
				260860CE194C7B3700D018A7 /* testing123Tests.xctest */,
			);
			name = Products;
			sourceTree = "<group>";
		};
		260860BB194C7B3600D018A7 /* testing123 */ = {
			isa = PBXGroup;
			children = (
				260860BE194C7B3600D018A7 /* AppDelegate.swift */,
				260860C3194C7B3600D018A7 /* ViewController.swift */,
				260860C5194C7B3600D018A7 /* Main.storyboard */,
				260860C8194C7B3600D018A7 /* Images.xcassets */,
				260860C0194C7B3600D018A7 /* testing123.xcdatamodeld */,
				260860BC194C7B3600D018A7 /* Supporting Files */,
			);
			path = testing123;
			sourceTree = "<group>";
		};
		260860BC194C7B3600D018A7 /* Supporting Files */ = {
			isa = PBXGroup;
			children = (
				260860BD194C7B3600D018A7 /* Info.plist */,
			);
			name = "Supporting Files";
			sourceTree = "<group>";
		};
		260860D1194C7B3700D018A7 /* testing123Tests */ = {
			isa = PBXGroup;
			children = (
				260860D4194C7B3700D018A7 /* testing123Tests.swift */,
				260860D2194C7B3700D018A7 /* Supporting Files */,
			);
			path = testing123Tests;
			sourceTree = "<group>";
		};
		260860D2194C7B3700D018A7 /* Supporting Files */ = {
			isa = PBXGroup;
			children = (
				260860D3194C7B3700D018A7 /* Info.plist */,
			);
			name = "Supporting Files";
			sourceTree = "<group>";
		};
/* End PBXGroup section */

/* Begin PBXNativeTarget section */
		260860B8194C7B3600D018A7 /* testing123 */ = {
			isa = PBXNativeTarget;
			buildConfigurationList = 260860D8194C7B3700D018A7 /* Build configuration list for PBXNativeTarget "testing123" */;
			buildPhases = (
				260860B5194C7B3600D018A7 /* Sources */,
				260860B6194C7B3600D018A7 /* Frameworks */,
				260860B7194C7B3600D018A7 /* Resources */,
			);
			buildRules = (
			);
			dependencies = (
			);
			name = testing123;
			productName = testing123;
			productReference = 260860B9194C7B3600D018A7 /* testing123.app */;
			productType = "com.apple.product-type.application";
		};
		260860CD194C7B3700D018A7 /* testing123Tests */ = {
			isa = PBXNativeTarget;
			buildConfigurationList = 260860DB194C7B3700D018A7 /* Build configuration list for PBXNativeTarget "testing123Tests" */;
			buildPhases = (
				260860CA194C7B3700D018A7 /* Sources */,
				260860CB194C7B3700D018A7 /* Frameworks */,
				260860CC194C7B3700D018A7 /* Resources */,
			);
			buildRules = (
			);
			dependencies = (
				260860D0194C7B3700D018A7 /* PBXTargetDependency */,
			);
			name = testing123Tests;
			productName = testing123Tests;
			productReference = 260860CE194C7B3700D018A7 /* testing123Tests.xctest */;
			productType = "com.apple.product-type.bundle.unit-test";
		};
/* End PBXNativeTarget section */

/* Begin PBXProject section */
		260860B1194C7B3600D018A7 /* Project object */ = {
			isa = PBXProject;
			attributes = {
				LastUpgradeCheck = 0600;
				ORGANIZATIONNAME = "Kresimir Bojcic";
				TargetAttributes = {
					260860B8194C7B3600D018A7 = {
						CreatedOnToolsVersion = 6.0;
					};
					260860CD194C7B3700D018A7 = {
						CreatedOnToolsVersion = 6.0;
						TestTargetID = 260860B8194C7B3600D018A7;
					};
				};
			};
			buildConfigurationList = 260860B4194C7B3600D018A7 /* Build configuration list for PBXProject "testing123" */;
			compatibilityVersion = "Xcode 3.2";
			developmentRegion = English;
			hasScannedForEncodings = 0;
			knownRegions = (
				en,
				Base,
			);
			mainGroup = 260860B0194C7B3600D018A7;
			productRefGroup = 260860BA194C7B3600D018A7 /* Products */;
			projectDirPath = "";
			projectRoot = "";
			targets = (
				260860B8194C7B3600D018A7 /* testing123 */,
				260860CD194C7B3700D018A7 /* testing123Tests */,
			);
		};
/* End PBXProject section */

/* Begin PBXResourcesBuildPhase section */
		260860B7194C7B3600D018A7 /* Resources */ = {
			isa = PBXResourcesBuildPhase;
			buildActionMask = 2147483647;
			files = (
				260860C7194C7B3600D018A7 /* Main.storyboard in Resources */,
				260860C9194C7B3600D018A7 /* Images.xcassets in Resources */,
			);
			runOnlyForDeploymentPostprocessing = 0;
		};
		260860CC194C7B3700D018A7 /* Resources */ = {
			isa = PBXResourcesBuildPhase;
			buildActionMask = 2147483647;
			files = (
			);
			runOnlyForDeploymentPostprocessing = 0;
		};
/* End PBXResourcesBuildPhase section */

/* Begin PBXSourcesBuildPhase section */
		260860B5194C7B3600D018A7 /* Sources */ = {
			isa = PBXSourcesBuildPhase;
			buildActionMask = 2147483647;
			files = (
				260860C4194C7B3600D018A7 /* ViewController.swift in Sources */,
				260860BF194C7B3600D018A7 /* AppDelegate.swift in Sources */,
				260860C2194C7B3600D018A7 /* testing123.xcdatamodeld in Sources */,
			);
			runOnlyForDeploymentPostprocessing = 0;
		};
		260860CA194C7B3700D018A7 /* Sources */ = {
			isa = PBXSourcesBuildPhase;
			buildActionMask = 2147483647;
			files = (
				260860D5194C7B3700D018A7 /* testing123Tests.swift in Sources */,
			);
			runOnlyForDeploymentPostprocessing = 0;
		};
/* End PBXSourcesBuildPhase section */

/* Begin PBXTargetDependency section */
		260860D0194C7B3700D018A7 /* PBXTargetDependency */ = {
			isa = PBXTargetDependency;
			target = 260860B8194C7B3600D018A7 /* testing123 */;
			targetProxy = 260860CF194C7B3700D018A7 /* PBXContainerItemProxy */;
		};
/* End PBXTargetDependency section */

/* Begin PBXVariantGroup section */
		260860C5194C7B3600D018A7 /* Main.storyboard */ = {
			isa = PBXVariantGroup;
			children = (
				260860C6194C7B3600D018A7 /* Base */,
			);
			name = Main.storyboard;
			sourceTree = "<group>";
		};
/* End PBXVariantGroup section */

/* Begin XCBuildConfiguration section */
		260860D6194C7B3700D018A7 /* Debug */ = {
			isa = XCBuildConfiguration;
			buildSettings = {
				ALWAYS_SEARCH_USER_PATHS = NO;
				CLANG_CXX_LANGUAGE_STANDARD = "gnu++0x";
				CLANG_CXX_LIBRARY = "libc++";
				CLANG_ENABLE_MODULES = YES;
				CLANG_ENABLE_OBJC_ARC = YES;
				CLANG_WARN_BOOL_CONVERSION = YES;
				CLANG_WARN_CONSTANT_CONVERSION = YES;
				CLANG_WARN_DIRECT_OBJC_ISA_USAGE = YES_ERROR;
				CLANG_WARN_EMPTY_BODY = YES;
				CLANG_WARN_ENUM_CONVERSION = YES;
				CLANG_WARN_INT_CONVERSION = YES;
				CLANG_WARN_OBJC_ROOT_CLASS = YES_ERROR;
				CLANG_WARN_UNREACHABLE_CODE = YES;
				CLANG_WARN__DUPLICATE_METHOD_MATCH = YES;
				"CODE_SIGN_IDENTITY[sdk=iphoneos*]" = "iPhone Developer";
				COPY_PHASE_STRIP = NO;
				ENABLE_STRICT_OBJC_MSGSEND = YES;
				GCC_C_LANGUAGE_STANDARD = gnu99;
				GCC_DYNAMIC_NO_PIC = NO;
				GCC_OPTIMIZATION_LEVEL = 0;
				GCC_PREPROCESSOR_DEFINITIONS = (
					"DEBUG=1",
					"$(inherited)",
				);
				GCC_SYMBOLS_PRIVATE_EXTERN = NO;
				GCC_WARN_64_TO_32_BIT_CONVERSION = YES;
				GCC_WARN_ABOUT_RETURN_TYPE = YES_ERROR;
				GCC_WARN_UNDECLARED_SELECTOR = YES;
				GCC_WARN_UNINITIALIZED_AUTOS = YES_AGGRESSIVE;
				GCC_WARN_UNUSED_FUNCTION = YES;
				GCC_WARN_UNUSED_VARIABLE = YES;
				IPHONEOS_DEPLOYMENT_TARGET = 8.0;
				METAL_ENABLE_DEBUG_INFO = YES;
				ONLY_ACTIVE_ARCH = YES;
				SDKROOT = iphoneos;
				SWIFT_OPTIMIZATION_LEVEL = "-Onone";
			};
			name = Debug;
		};
		260860D7194C7B3700D018A7 /* Release */ = {
			isa = XCBuildConfiguration;
			buildSettings = {
				ALWAYS_SEARCH_USER_PATHS = NO;
				CLANG_CXX_LANGUAGE_STANDARD = "gnu++0x";
				CLANG_CXX_LIBRARY = "libc++";
				CLANG_ENABLE_MODULES = YES;
				CLANG_ENABLE_OBJC_ARC = YES;
				CLANG_WARN_BOOL_CONVERSION = YES;
				CLANG_WARN_CONSTANT_CONVERSION = YES;
				CLANG_WARN_DIRECT_OBJC_ISA_USAGE = YES_ERROR;
				CLANG_WARN_EMPTY_BODY = YES;
				CLANG_WARN_ENUM_CONVERSION = YES;
				CLANG_WARN_INT_CONVERSION = YES;
				CLANG_WARN_OBJC_ROOT_CLASS = YES_ERROR;
				CLANG_WARN_UNREACHABLE_CODE = YES;
				CLANG_WARN__DUPLICATE_METHOD_MATCH = YES;
				"CODE_SIGN_IDENTITY[sdk=iphoneos*]" = "iPhone Developer";
				COPY_PHASE_STRIP = YES;
				ENABLE_NS_ASSERTIONS = NO;
				ENABLE_STRICT_OBJC_MSGSEND = YES;
				GCC_C_LANGUAGE_STANDARD = gnu99;
				GCC_WARN_64_TO_32_BIT_CONVERSION = YES;
				GCC_WARN_ABOUT_RETURN_TYPE = YES_ERROR;
				GCC_WARN_UNDECLARED_SELECTOR = YES;
				GCC_WARN_UNINITIALIZED_AUTOS = YES_AGGRESSIVE;
				GCC_WARN_UNUSED_FUNCTION = YES;
				GCC_WARN_UNUSED_VARIABLE = YES;
				IPHONEOS_DEPLOYMENT_TARGET = 8.0;
				METAL_ENABLE_DEBUG_INFO = NO;
				SDKROOT = iphoneos;
				VALIDATE_PRODUCT = YES;
			};
			name = Release;
		};
		260860D9194C7B3700D018A7 /* Debug */ = {
			isa = XCBuildConfiguration;
			buildSettings = {
				ASSETCATALOG_COMPILER_APPICON_NAME = AppIcon;
				ASSETCATALOG_COMPILER_LAUNCHIMAGE_NAME = LaunchImage;
				INFOPLIST_FILE = testing123/Info.plist;
				LD_RUNPATH_SEARCH_PATHS = "$(inherited) @executable_path/Frameworks";
				PRODUCT_NAME = "$(TARGET_NAME)";
			};
			name = Debug;
		};
		260860DA194C7B3700D018A7 /* Release */ = {
			isa = XCBuildConfiguration;
			buildSettings = {
				ASSETCATALOG_COMPILER_APPICON_NAME = AppIcon;
				ASSETCATALOG_COMPILER_LAUNCHIMAGE_NAME = LaunchImage;
				INFOPLIST_FILE = testing123/Info.plist;
				LD_RUNPATH_SEARCH_PATHS = "$(inherited) @executable_path/Frameworks";
				PRODUCT_NAME = "$(TARGET_NAME)";
			};
			name = Release;
		};
		260860DC194C7B3700D018A7 /* Debug */ = {
			isa = XCBuildConfiguration;
			buildSettings = {
				BUNDLE_LOADER = "$(BUILT_PRODUCTS_DIR)/testing123.app/testing123";
				FRAMEWORK_SEARCH_PATHS = (
					"$(SDKROOT)/Developer/Library/Frameworks",
					"$(inherited)",
				);
				GCC_PREPROCESSOR_DEFINITIONS = (
					"DEBUG=1",
					"$(inherited)",
				);
				INFOPLIST_FILE = testing123Tests/Info.plist;
				LD_RUNPATH_SEARCH_PATHS = "$(inherited) @executable_path/Frameworks @loader_path/Frameworks";
				METAL_ENABLE_DEBUG_INFO = YES;
				PRODUCT_NAME = "$(TARGET_NAME)";
				TEST_HOST = "$(BUNDLE_LOADER)";
			};
			name = Debug;
		};
		260860DD194C7B3700D018A7 /* Release */ = {
			isa = XCBuildConfiguration;
			buildSettings = {
				BUNDLE_LOADER = "$(BUILT_PRODUCTS_DIR)/testing123.app/testing123";
				FRAMEWORK_SEARCH_PATHS = (
					"$(SDKROOT)/Developer/Library/Frameworks",
					"$(inherited)",
				);
				INFOPLIST_FILE = testing123Tests/Info.plist;
				LD_RUNPATH_SEARCH_PATHS = "$(inherited) @executable_path/Frameworks @loader_path/Frameworks";
				METAL_ENABLE_DEBUG_INFO = NO;
				PRODUCT_NAME = "$(TARGET_NAME)";
				TEST_HOST = "$(BUNDLE_LOADER)";
			};
			name = Release;
		};
/* End XCBuildConfiguration section */

/* Begin XCConfigurationList section */
		260860B4194C7B3600D018A7 /* Build configuration list for PBXProject "testing123" */ = {
			isa = XCConfigurationList;
			buildConfigurations = (
				260860D6194C7B3700D018A7 /* Debug */,
				260860D7194C7B3700D018A7 /* Release */,
			);
			defaultConfigurationIsVisible = 0;
			defaultConfigurationName = Release;
		};
		260860D8194C7B3700D018A7 /* Build configuration list for PBXNativeTarget "testing123" */ = {
			isa = XCConfigurationList;
			buildConfigurations = (
				260860D9194C7B3700D018A7 /* Debug */,
				260860DA194C7B3700D018A7 /* Release */,
			);
			defaultConfigurationIsVisible = 0;
		};
		260860DB194C7B3700D018A7 /* Build configuration list for PBXNativeTarget "testing123Tests" */ = {
			isa = XCConfigurationList;
			buildConfigurations = (
				260860DC194C7B3700D018A7 /* Debug */,
				260860DD194C7B3700D018A7 /* Release */,
			);
			defaultConfigurationIsVisible = 0;
		};
/* End XCConfigurationList section */

/* Begin XCVersionGroup section */
		260860C0194C7B3600D018A7 /* testing123.xcdatamodeld */ = {
			isa = XCVersionGroup;
			children = (
				260860C1194C7B3600D018A7 /* testing123.xcdatamodel */,
			);
			currentVersion = 260860C1194C7B3600D018A7 /* testing123.xcdatamodel */;
			path = testing123.xcdatamodeld;
			sourceTree = "<group>";
			versionGroupType = wrapper.xcdatamodel;
		};
/* End XCVersionGroup section */
	};
	rootObject = 260860B1194C7B3600D018A7 /* Project object */;
}
